
Microsoft Visual Studio Solution File, Format Version 12.00
# Visual Studio Version 16
VisualStudioVersion = 16.0.32106.194
MinimumVisualStudioVersion = 10.0.40219.1
Project("{FAE04EC0-301F-11D3-BF4B-00C04F79EFBC}") = "SalcompTwoCam", "SalcompTwoCam.csproj", "{7C917B7F-DEC2-4A51-8DE6-40FFABB7D535}"
EndProject
Project("{8BC9CEB8-8B4A-11D0-8D11-00A0C91BC942}") = "AlgoCpp", "AlgoCpp\AlgoCpp.vcxproj", "{334955A6-A2DA-45CF-93F9-97E7528C4F9B}"
EndProject
Global
	GlobalSection(SolutionConfigurationPlatforms) = preSolution
		Debug|Any CPU = Debug|Any CPU
		Debug|x64 = Debug|x64
		Debug|x86 = Debug|x86
		Release|Any CPU = Release|Any CPU
		Release|x64 = Release|x64
		Release|x86 = Release|x86
	EndGlobalSection
	GlobalSection(ProjectConfigurationPlatforms) = postSolution
		{7C917B7F-DEC2-4A51-8DE6-40FFABB7D535}.Debug|Any CPU.ActiveCfg = Debug|Any CPU
		{7C917B7F-DEC2-4A51-8DE6-40FFABB7D535}.Debug|Any CPU.Build.0 = Debug|Any CPU
		{7C917B7F-DEC2-4A51-8DE6-40FFABB7D535}.Debug|x64.ActiveCfg = Debug|x64
		{7C917B7F-DEC2-4A51-8DE6-40FFABB7D535}.Debug|x64.Build.0 = Debug|x64
		{7C917B7F-DEC2-4A51-8DE6-40FFABB7D535}.Debug|x86.ActiveCfg = Debug|Any CPU
		{7C917B7F-DEC2-4A51-8DE6-40FFABB7D535}.Debug|x86.Build.0 = Debug|Any CPU
		{7C917B7F-DEC2-4A51-8DE6-40FFABB7D535}.Release|Any CPU.ActiveCfg = Release|Any CPU
		{7C917B7F-DEC2-4A51-8DE6-40FFABB7D535}.Release|Any CPU.Build.0 = Release|Any CPU
		{7C917B7F-DEC2-4A51-8DE6-40FFABB7D535}.Release|x64.ActiveCfg = Release|x64
		{7C917B7F-DEC2-4A51-8DE6-40FFABB7D535}.Release|x64.Build.0 = Release|x64
		{7C917B7F-DEC2-4A51-8DE6-40FFABB7D535}.Release|x86.ActiveCfg = Release|Any CPU
		{7C917B7F-DEC2-4A51-8DE6-40FFABB7D535}.Release|x86.Build.0 = Release|Any CPU
		{334955A6-A2DA-45CF-93F9-97E7528C4F9B}.Debug|Any CPU.ActiveCfg = Debug|Win32
		{334955A6-A2DA-45CF-93F9-97E7528C4F9B}.Debug|x64.ActiveCfg = Debug|x64
		{334955A6-A2DA-45CF-93F9-97E7528C4F9B}.Debug|x64.Build.0 = Debug|x64
		{334955A6-A2DA-45CF-93F9-97E7528C4F9B}.Debug|x86.ActiveCfg = Debug|Win32
		{334955A6-A2DA-45CF-93F9-97E7528C4F9B}.Debug|x86.Build.0 = Debug|Win32
		{334955A6-A2DA-45CF-93F9-97E7528C4F9B}.Release|Any CPU.ActiveCfg = Release|Win32
		{334955A6-A2DA-45CF-93F9-97E7528C4F9B}.Release|x64.ActiveCfg = Release|x64
		{334955A6-A2DA-45CF-93F9-97E7528C4F9B}.Release|x64.Build.0 = Release|x64
		{334955A6-A2DA-45CF-93F9-97E7528C4F9B}.Release|x86.ActiveCfg = Release|Win32
		{334955A6-A2DA-45CF-93F9-97E7528C4F9B}.Release|x86.Build.0 = Release|Win32
	EndGlobalSection
	GlobalSection(SolutionProperties) = preSolution
		HideSolutionNode = FALSE
	EndGlobalSection
	GlobalSection(ExtensibilityGlobals) = postSolution
		SolutionGuid = {5595DBDA-21B5-444E-AAD1-9E633972E2DA}
	EndGlobalSection
EndGlobal
